
Microsoft Visual Studio Solution File, Format Version 12.00
Project("{FAE04EC0-301F-11D3-BF4B-00C04F79EFBC}") = "PWSH.K8S", "PWSH.K8S\PWSH.K8S.csproj", "{7A1E1705-2AA4-4D61-9CA9-272629ACAC19}"
EndProject
Global
	GlobalSection(SolutionConfigurationPlatforms) = preSolution
		Debug|Any CPU = Debug|Any CPU
		Release|Any CPU = Release|Any CPU
	EndGlobalSection
	GlobalSection(ProjectConfigurationPlatforms) = postSolution
		{7A1E1705-2AA4-4D61-9CA9-272629ACAC19}.Debug|Any CPU.ActiveCfg = Debug|Any CPU
		{7A1E1705-2AA4-4D61-9CA9-272629ACAC19}.Debug|Any CPU.Build.0 = Debug|Any CPU
		{7A1E1705-2AA4-4D61-9CA9-272629ACAC19}.Release|Any CPU.ActiveCfg = Release|Any CPU
		{7A1E1705-2AA4-4D61-9CA9-272629ACAC19}.Release|Any CPU.Build.0 = Release|Any CPU
	EndGlobalSection
EndGlobal
